
Microsoft Visual Studio Solution File, Format Version 12.00
# Visual Studio Version 16
VisualStudioVersion = 16.0.32126.315
MinimumVisualStudioVersion = 10.0.40219.1
Project("{FAE04EC0-301F-11D3-BF4B-00C04F79EFBC}") = "OPCAEClient", "OPCAEClient\OPCAEClient.csproj", "{BA5BDC81-CB9B-45CB-A9CF-8B5646601E2D}"
EndProject
Global
	GlobalSection(SolutionConfigurationPlatforms) = preSolution
		Debug|Any CPU = Debug|Any CPU
		Release|Any CPU = Release|Any CPU
	EndGlobalSection
	GlobalSection(ProjectConfigurationPlatforms) = postSolution
		{BA5BDC81-CB9B-45CB-A9CF-8B5646601E2D}.Debug|Any CPU.ActiveCfg = Debug|Any CPU
		{BA5BDC81-CB9B-45CB-A9CF-8B5646601E2D}.Debug|Any CPU.Build.0 = Debug|Any CPU
		{BA5BDC81-CB9B-45CB-A9CF-8B5646601E2D}.Release|Any CPU.ActiveCfg = Release|Any CPU
		{BA5BDC81-CB9B-45CB-A9CF-8B5646601E2D}.Release|Any CPU.Build.0 = Release|Any CPU
	EndGlobalSection
	GlobalSection(SolutionProperties) = preSolution
		HideSolutionNode = FALSE
	EndGlobalSection
	GlobalSection(ExtensibilityGlobals) = postSolution
		SolutionGuid = {10A569F6-0C1B-4952-BBED-F03585AFB54E}
	EndGlobalSection
EndGlobal
